
Microsoft Visual Studio Solution File, Format Version 12.00
# Visual Studio Version 16
VisualStudioVersion = 16.0.29519.87
MinimumVisualStudioVersion = 10.0.40219.1
Project("{9092AA53-FB77-4645-B42D-1CCCA6BD08BD}") = "NYC", "NYC\NYC.njsproj", "{AFB76290-4327-4CE1-B065-254C68DE4FD6}"
EndProject
Global
	GlobalSection(SolutionConfigurationPlatforms) = preSolution
		Debug|Any CPU = Debug|Any CPU
		Release|Any CPU = Release|Any CPU
	EndGlobalSection
	GlobalSection(ProjectConfigurationPlatforms) = postSolution
		{AFB76290-4327-4CE1-B065-254C68DE4FD6}.Debug|Any CPU.ActiveCfg = Debug|Any CPU
		{AFB76290-4327-4CE1-B065-254C68DE4FD6}.Debug|Any CPU.Build.0 = Debug|Any CPU
		{AFB76290-4327-4CE1-B065-254C68DE4FD6}.Release|Any CPU.ActiveCfg = Release|Any CPU
		{AFB76290-4327-4CE1-B065-254C68DE4FD6}.Release|Any CPU.Build.0 = Release|Any CPU
	EndGlobalSection
	GlobalSection(SolutionProperties) = preSolution
		HideSolutionNode = FALSE
	EndGlobalSection
	GlobalSection(ExtensibilityGlobals) = postSolution
		SolutionGuid = {5F205ED5-34DE-4621-B338-9B2816CD87E1}
	EndGlobalSection
EndGlobal
